
Microsoft Visual Studio Solution File, Format Version 12.00
# Visual Studio Version 17
VisualStudioVersion = 17.8.34316.72
MinimumVisualStudioVersion = 10.0.40219.1
Project("{FAE04EC0-301F-11D3-BF4B-00C04F79EFBC}") = "SalonProj", "SalonProj\SalonProj.csproj", "{F449CFD3-24CC-4337-8D37-F3B9CDAB8728}"
EndProject
Global
	GlobalSection(SolutionConfigurationPlatforms) = preSolution
		Debug|Any CPU = Debug|Any CPU
		Release|Any CPU = Release|Any CPU
	EndGlobalSection
	GlobalSection(ProjectConfigurationPlatforms) = postSolution
		{F449CFD3-24CC-4337-8D37-F3B9CDAB8728}.Debug|Any CPU.ActiveCfg = Debug|Any CPU
		{F449CFD3-24CC-4337-8D37-F3B9CDAB8728}.Debug|Any CPU.Build.0 = Debug|Any CPU
		{F449CFD3-24CC-4337-8D37-F3B9CDAB8728}.Release|Any CPU.ActiveCfg = Release|Any CPU
		{F449CFD3-24CC-4337-8D37-F3B9CDAB8728}.Release|Any CPU.Build.0 = Release|Any CPU
	EndGlobalSection
	GlobalSection(SolutionProperties) = preSolution
		HideSolutionNode = FALSE
	EndGlobalSection
	GlobalSection(ExtensibilityGlobals) = postSolution
		SolutionGuid = {7C7D4AB1-CE66-4527-A14E-8B16C2E36F79}
	EndGlobalSection
EndGlobal
